
Microsoft Visual Studio Solution File, Format Version 12.00
Project("{FAE04EC0-301F-11D3-BF4B-00C04F79EFBC}") = "using hello world", "using hello world\using hello world.csproj", "{FBDC2D5F-5400-4BA3-9E93-975F01607DB6}"
EndProject
Project("{FAE04EC0-301F-11D3-BF4B-00C04F79EFBC}") = "using variables", "using variables\using variables.csproj", "{70883B30-D906-4673-8C9A-6B015245EE64}"
EndProject
Project("{FAE04EC0-301F-11D3-BF4B-00C04F79EFBC}") = "using float", "using float\using float.csproj", "{85247B3E-8535-4614-812A-F907F8F923B5}"
EndProject
Project("{FAE04EC0-301F-11D3-BF4B-00C04F79EFBC}") = "float test", "float test\float test.csproj", "{810EEDA4-E543-4FE1-9398-1AC4A8B8F1C4}"
EndProject
Project("{FAE04EC0-301F-11D3-BF4B-00C04F79EFBC}") = "conversions and other types", "conversions and other types\conversions and other types.csproj", "{42A5B7A6-FD90-469C-82CB-5E5F57BABCB0}"
EndProject
Project("{FAE04EC0-301F-11D3-BF4B-00C04F79EFBC}") = "characters and texts", "characters and texts\characters and texts.csproj", "{4E0B2DAC-5DF6-4CD0-922A-BB0245EB572A}"
EndProject
Project("{FAE04EC0-301F-11D3-BF4B-00C04F79EFBC}") = "variable assignments", "variable assignments\variable assignments.csproj", "{BA74943D-5E43-441B-A470-58165C524AA2}"
EndProject
Project("{FAE04EC0-301F-11D3-BF4B-00C04F79EFBC}") = "conditionals", "conditionals\conditionals.csproj", "{C9FE3645-56E4-446A-8F71-76BB73CF0FE2}"
EndProject
Project("{FAE04EC0-301F-11D3-BF4B-00C04F79EFBC}") = "conditionals2", "conditionals2\conditionals2.csproj", "{7C2C68EF-59E2-407E-88E8-110FB0BF048C}"
EndProject
Project("{FAE04EC0-301F-11D3-BF4B-00C04F79EFBC}") = "scope", "scope\scope.csproj", "{B381AAFF-95D0-4983-B81F-293ED3ED1C32}"
EndProject
Project("{FAE04EC0-301F-11D3-BF4B-00C04F79EFBC}") = "switch", "switch\switch.csproj", "{C67DB744-E527-4E8F-9D28-BB784F56C094}"
EndProject
Project("{FAE04EC0-301F-11D3-BF4B-00C04F79EFBC}") = "calculate savings", "calculate savings\calculate savings.csproj", "{D794A512-F0C3-449A-A348-8DBF6240B5DE}"
EndProject
Project("{FAE04EC0-301F-11D3-BF4B-00C04F79EFBC}") = "long term investment", "long term investment\long term investment.csproj", "{3A1D6972-F52B-4B93-A4DF-7898B43DFD0C}"
EndProject
Project("{FAE04EC0-301F-11D3-BF4B-00C04F79EFBC}") = "for types", "for types\for types.csproj", "{6DF2363B-B361-4E4E-8D3B-029D6A56A791}"
EndProject
Global
	GlobalSection(SolutionConfigurationPlatforms) = preSolution
		Debug|Any CPU = Debug|Any CPU
		Release|Any CPU = Release|Any CPU
	EndGlobalSection
	GlobalSection(ProjectConfigurationPlatforms) = postSolution
		{FBDC2D5F-5400-4BA3-9E93-975F01607DB6}.Debug|Any CPU.ActiveCfg = Debug|Any CPU
		{FBDC2D5F-5400-4BA3-9E93-975F01607DB6}.Debug|Any CPU.Build.0 = Debug|Any CPU
		{FBDC2D5F-5400-4BA3-9E93-975F01607DB6}.Release|Any CPU.ActiveCfg = Release|Any CPU
		{FBDC2D5F-5400-4BA3-9E93-975F01607DB6}.Release|Any CPU.Build.0 = Release|Any CPU
		{70883B30-D906-4673-8C9A-6B015245EE64}.Debug|Any CPU.ActiveCfg = Debug|Any CPU
		{70883B30-D906-4673-8C9A-6B015245EE64}.Debug|Any CPU.Build.0 = Debug|Any CPU
		{70883B30-D906-4673-8C9A-6B015245EE64}.Release|Any CPU.ActiveCfg = Release|Any CPU
		{70883B30-D906-4673-8C9A-6B015245EE64}.Release|Any CPU.Build.0 = Release|Any CPU
		{85247B3E-8535-4614-812A-F907F8F923B5}.Debug|Any CPU.ActiveCfg = Debug|Any CPU
		{85247B3E-8535-4614-812A-F907F8F923B5}.Debug|Any CPU.Build.0 = Debug|Any CPU
		{85247B3E-8535-4614-812A-F907F8F923B5}.Release|Any CPU.ActiveCfg = Release|Any CPU
		{85247B3E-8535-4614-812A-F907F8F923B5}.Release|Any CPU.Build.0 = Release|Any CPU
		{810EEDA4-E543-4FE1-9398-1AC4A8B8F1C4}.Debug|Any CPU.ActiveCfg = Debug|Any CPU
		{810EEDA4-E543-4FE1-9398-1AC4A8B8F1C4}.Debug|Any CPU.Build.0 = Debug|Any CPU
		{810EEDA4-E543-4FE1-9398-1AC4A8B8F1C4}.Release|Any CPU.ActiveCfg = Release|Any CPU
		{810EEDA4-E543-4FE1-9398-1AC4A8B8F1C4}.Release|Any CPU.Build.0 = Release|Any CPU
		{42A5B7A6-FD90-469C-82CB-5E5F57BABCB0}.Debug|Any CPU.ActiveCfg = Debug|Any CPU
		{42A5B7A6-FD90-469C-82CB-5E5F57BABCB0}.Debug|Any CPU.Build.0 = Debug|Any CPU
		{42A5B7A6-FD90-469C-82CB-5E5F57BABCB0}.Release|Any CPU.ActiveCfg = Release|Any CPU
		{42A5B7A6-FD90-469C-82CB-5E5F57BABCB0}.Release|Any CPU.Build.0 = Release|Any CPU
		{4E0B2DAC-5DF6-4CD0-922A-BB0245EB572A}.Debug|Any CPU.ActiveCfg = Debug|Any CPU
		{4E0B2DAC-5DF6-4CD0-922A-BB0245EB572A}.Debug|Any CPU.Build.0 = Debug|Any CPU
		{4E0B2DAC-5DF6-4CD0-922A-BB0245EB572A}.Release|Any CPU.ActiveCfg = Release|Any CPU
		{4E0B2DAC-5DF6-4CD0-922A-BB0245EB572A}.Release|Any CPU.Build.0 = Release|Any CPU
		{BA74943D-5E43-441B-A470-58165C524AA2}.Debug|Any CPU.ActiveCfg = Debug|Any CPU
		{BA74943D-5E43-441B-A470-58165C524AA2}.Debug|Any CPU.Build.0 = Debug|Any CPU
		{BA74943D-5E43-441B-A470-58165C524AA2}.Release|Any CPU.ActiveCfg = Release|Any CPU
		{BA74943D-5E43-441B-A470-58165C524AA2}.Release|Any CPU.Build.0 = Release|Any CPU
		{C9FE3645-56E4-446A-8F71-76BB73CF0FE2}.Debug|Any CPU.ActiveCfg = Debug|Any CPU
		{C9FE3645-56E4-446A-8F71-76BB73CF0FE2}.Debug|Any CPU.Build.0 = Debug|Any CPU
		{C9FE3645-56E4-446A-8F71-76BB73CF0FE2}.Release|Any CPU.ActiveCfg = Release|Any CPU
		{C9FE3645-56E4-446A-8F71-76BB73CF0FE2}.Release|Any CPU.Build.0 = Release|Any CPU
		{7C2C68EF-59E2-407E-88E8-110FB0BF048C}.Debug|Any CPU.ActiveCfg = Debug|Any CPU
		{7C2C68EF-59E2-407E-88E8-110FB0BF048C}.Debug|Any CPU.Build.0 = Debug|Any CPU
		{7C2C68EF-59E2-407E-88E8-110FB0BF048C}.Release|Any CPU.ActiveCfg = Release|Any CPU
		{7C2C68EF-59E2-407E-88E8-110FB0BF048C}.Release|Any CPU.Build.0 = Release|Any CPU
		{B381AAFF-95D0-4983-B81F-293ED3ED1C32}.Debug|Any CPU.ActiveCfg = Debug|Any CPU
		{B381AAFF-95D0-4983-B81F-293ED3ED1C32}.Debug|Any CPU.Build.0 = Debug|Any CPU
		{B381AAFF-95D0-4983-B81F-293ED3ED1C32}.Release|Any CPU.ActiveCfg = Release|Any CPU
		{B381AAFF-95D0-4983-B81F-293ED3ED1C32}.Release|Any CPU.Build.0 = Release|Any CPU
		{C67DB744-E527-4E8F-9D28-BB784F56C094}.Debug|Any CPU.ActiveCfg = Debug|Any CPU
		{C67DB744-E527-4E8F-9D28-BB784F56C094}.Debug|Any CPU.Build.0 = Debug|Any CPU
		{C67DB744-E527-4E8F-9D28-BB784F56C094}.Release|Any CPU.ActiveCfg = Release|Any CPU
		{C67DB744-E527-4E8F-9D28-BB784F56C094}.Release|Any CPU.Build.0 = Release|Any CPU
		{D794A512-F0C3-449A-A348-8DBF6240B5DE}.Debug|Any CPU.ActiveCfg = Debug|Any CPU
		{D794A512-F0C3-449A-A348-8DBF6240B5DE}.Debug|Any CPU.Build.0 = Debug|Any CPU
		{D794A512-F0C3-449A-A348-8DBF6240B5DE}.Release|Any CPU.ActiveCfg = Release|Any CPU
		{D794A512-F0C3-449A-A348-8DBF6240B5DE}.Release|Any CPU.Build.0 = Release|Any CPU
		{3A1D6972-F52B-4B93-A4DF-7898B43DFD0C}.Debug|Any CPU.ActiveCfg = Debug|Any CPU
		{3A1D6972-F52B-4B93-A4DF-7898B43DFD0C}.Debug|Any CPU.Build.0 = Debug|Any CPU
		{3A1D6972-F52B-4B93-A4DF-7898B43DFD0C}.Release|Any CPU.ActiveCfg = Release|Any CPU
		{3A1D6972-F52B-4B93-A4DF-7898B43DFD0C}.Release|Any CPU.Build.0 = Release|Any CPU
		{6DF2363B-B361-4E4E-8D3B-029D6A56A791}.Debug|Any CPU.ActiveCfg = Debug|Any CPU
		{6DF2363B-B361-4E4E-8D3B-029D6A56A791}.Debug|Any CPU.Build.0 = Debug|Any CPU
		{6DF2363B-B361-4E4E-8D3B-029D6A56A791}.Release|Any CPU.ActiveCfg = Release|Any CPU
		{6DF2363B-B361-4E4E-8D3B-029D6A56A791}.Release|Any CPU.Build.0 = Release|Any CPU
	EndGlobalSection
EndGlobal
