
Microsoft Visual Studio Solution File, Format Version 12.00
Project("{FAE04EC0-301F-11D3-BF4B-00C04F79EFBC}") = "bytebank", "bytebank\bytebank.csproj", "{E63C0B82-BFA9-4D8E-9F17-EC78FE038EEC}"
EndProject
Global
	GlobalSection(SolutionConfigurationPlatforms) = preSolution
		Debug|Any CPU = Debug|Any CPU
		Release|Any CPU = Release|Any CPU
	EndGlobalSection
	GlobalSection(ProjectConfigurationPlatforms) = postSolution
		{E63C0B82-BFA9-4D8E-9F17-EC78FE038EEC}.Debug|Any CPU.ActiveCfg = Debug|Any CPU
		{E63C0B82-BFA9-4D8E-9F17-EC78FE038EEC}.Debug|Any CPU.Build.0 = Debug|Any CPU
		{E63C0B82-BFA9-4D8E-9F17-EC78FE038EEC}.Release|Any CPU.ActiveCfg = Release|Any CPU
		{E63C0B82-BFA9-4D8E-9F17-EC78FE038EEC}.Release|Any CPU.Build.0 = Release|Any CPU
	EndGlobalSection
EndGlobal
